
Microsoft Visual Studio Solution File, Format Version 12.00
# Visual Studio Version 17
VisualStudioVersion = 17.4.33213.308
MinimumVisualStudioVersion = 10.0.40219.1
Project("{FAE04EC0-301F-11D3-BF4B-00C04F79EFBC}") = "GenericRepository.Library", "GenericRepository.Library\GenericRepository.Library.csproj", "{F9C5351F-1DF4-4D50-8352-F4B9C7747128}"
EndProject
Global
	GlobalSection(SolutionConfigurationPlatforms) = preSolution
		Debug|Any CPU = Debug|Any CPU
		Release|Any CPU = Release|Any CPU
	EndGlobalSection
	GlobalSection(ProjectConfigurationPlatforms) = postSolution
		{F9C5351F-1DF4-4D50-8352-F4B9C7747128}.Debug|Any CPU.ActiveCfg = Debug|Any CPU
		{F9C5351F-1DF4-4D50-8352-F4B9C7747128}.Debug|Any CPU.Build.0 = Debug|Any CPU
		{F9C5351F-1DF4-4D50-8352-F4B9C7747128}.Release|Any CPU.ActiveCfg = Release|Any CPU
		{F9C5351F-1DF4-4D50-8352-F4B9C7747128}.Release|Any CPU.Build.0 = Release|Any CPU
	EndGlobalSection
	GlobalSection(SolutionProperties) = preSolution
		HideSolutionNode = FALSE
	EndGlobalSection
	GlobalSection(ExtensibilityGlobals) = postSolution
		SolutionGuid = {BD3B3EF8-1066-46A0-B902-637ED652F597}
	EndGlobalSection
EndGlobal
