
Microsoft Visual Studio Solution File, Format Version 12.00
# Visual Studio Version 17
VisualStudioVersion = 17.4.33213.308
MinimumVisualStudioVersion = 10.0.40219.1
Project("{FAE04EC0-301F-11D3-BF4B-00C04F79EFBC}") = "GenericRepositoryNugetPackageExampleProject", "GenericRepositoryNugetPackageExampleProject\GenericRepositoryNugetPackageExampleProject.csproj", "{9432B3BD-9210-449D-B6B5-912221F4E57F}"
EndProject
Global
	GlobalSection(SolutionConfigurationPlatforms) = preSolution
		Debug|Any CPU = Debug|Any CPU
		Release|Any CPU = Release|Any CPU
	EndGlobalSection
	GlobalSection(ProjectConfigurationPlatforms) = postSolution
		{9432B3BD-9210-449D-B6B5-912221F4E57F}.Debug|Any CPU.ActiveCfg = Debug|Any CPU
		{9432B3BD-9210-449D-B6B5-912221F4E57F}.Debug|Any CPU.Build.0 = Debug|Any CPU
		{9432B3BD-9210-449D-B6B5-912221F4E57F}.Release|Any CPU.ActiveCfg = Release|Any CPU
		{9432B3BD-9210-449D-B6B5-912221F4E57F}.Release|Any CPU.Build.0 = Release|Any CPU
	EndGlobalSection
	GlobalSection(SolutionProperties) = preSolution
		HideSolutionNode = FALSE
	EndGlobalSection
	GlobalSection(ExtensibilityGlobals) = postSolution
		SolutionGuid = {7A3EDCCD-557E-4B22-BE5F-0F3BC5A2562F}
	EndGlobalSection
EndGlobal
